
Microsoft Visual Studio Solution File, Format Version 12.00
# Visual Studio Version 17
VisualStudioVersion = 17.13.35825.156 d17.13
MinimumVisualStudioVersion = 10.0.40219.1
Project("{FAE04EC0-301F-11D3-BF4B-00C04F79EFBC}") = "WebApplication1", "WebApplication1\WebApplication1.csproj", "{870A95A1-4CE5-4AF5-A29F-BC220B9DA2CE}"
EndProject
Global
	GlobalSection(SolutionConfigurationPlatforms) = preSolution
		Debug|Any CPU = Debug|Any CPU
		Release|Any CPU = Release|Any CPU
	EndGlobalSection
	GlobalSection(ProjectConfigurationPlatforms) = postSolution
		{870A95A1-4CE5-4AF5-A29F-BC220B9DA2CE}.Debug|Any CPU.ActiveCfg = Debug|Any CPU
		{870A95A1-4CE5-4AF5-A29F-BC220B9DA2CE}.Debug|Any CPU.Build.0 = Debug|Any CPU
		{870A95A1-4CE5-4AF5-A29F-BC220B9DA2CE}.Release|Any CPU.ActiveCfg = Release|Any CPU
		{870A95A1-4CE5-4AF5-A29F-BC220B9DA2CE}.Release|Any CPU.Build.0 = Release|Any CPU
	EndGlobalSection
	GlobalSection(SolutionProperties) = preSolution
		HideSolutionNode = FALSE
	EndGlobalSection
	GlobalSection(ExtensibilityGlobals) = postSolution
		SolutionGuid = {5A709004-6BA9-4EE5-8B2F-D46BB426A5C8}
	EndGlobalSection
EndGlobal
